<?xml version="1.0" encoding="utf-8"?>
<Project ToolsVersion="4.0" xmlns="http://schemas.microsoft.com/developer/msbuild/2003">
  <ItemGroup>
    <Filter Include="Source Files">
      <UniqueIdentifier>{4FC737F1-C7A5-4376-A066-2A32D752A2FF}</UniqueIdentifier>
      <Extensions>cpp;c;cc;cxx;def;odl;idl;hpj;bat;asm;asmx</Extensions>
    </Filter>
    <Filter Include="Header Files">
      <UniqueIdentifier>{93995380-89BD-4b04-88EB-625FBE52EBFB}</UniqueIdentifier>
      <Extensions>h;hh;hpp;hxx;hm;inl;inc;xsd</Extensions>
    </Filter>
    <Filter Include="Resource Files">
      <UniqueIdentifier>{67DA6AB6-F800-4c08-8B7A-83BB121AAD01}</UniqueIdentifier>
      <Extensions>rc;ico;cur;bmp;dlg;rc2;rct;bin;rgs;gif;jpg;jpeg;jpe;resx;tiff;tif;png;wav;mfcribbon-ms</Extensions>
    </Filter>
    <Filter Include="Header Files\3DEntities">
      <UniqueIdentifier>{19b60697-d8a3-4fc4-93ab-416ec169f164}</UniqueIdentifier>
    </Filter>
    <Filter Include="Source Files\3DEntities">
      <UniqueIdentifier>{65dfc742-f13c-41b9-a4ba-c1e4be555e4e}</UniqueIdentifier>
    </Filter>
    <Filter Include="Header Files\2DEntities">
      <UniqueIdentifier>{effd2a6d-a58f-4be2-bde9-05db332d225e}</UniqueIdentifier>
    </Filter>
    <Filter Include="Source Files\2DEntities">
      <UniqueIdentifier>{c3f7e984-2d3e-4f69-a2f9-3a0cce49de84}</UniqueIdentifier>
    </Filter>
  </ItemGroup>
  <ItemGroup>
    <ClCompile Include="main.cpp">
      <Filter>Source Files</Filter>
    </ClCompile>
    <ClCompile Include="PCH.cpp">
      <Filter>Source Files</Filter>
    </ClCompile>
    <ClCompile Include="Game.cpp">
      <Filter>Source Files</Filter>
    </ClCompile>
    <ClCompile Include="ContentManager.cpp">
      <Filter>Source Files</Filter>
    </ClCompile>
    <ClCompile Include="Entity.cpp">
      <Filter>Source Files\3DEntities</Filter>
    </ClCompile>
    <ClCompile Include="InputManager.cpp">
      <Filter>Source Files</Filter>
    </ClCompile>
    <ClCompile Include="Helper.cpp">
      <Filter>Source Files</Filter>
    </ClCompile>
    <ClCompile Include="Oktaeder.cpp">
      <Filter>Source Files\3DEntities</Filter>
    </ClCompile>
    <ClCompile Include="TexturedEntity.cpp">
      <Filter>Source Files\3DEntities</Filter>
    </ClCompile>
    <ClCompile Include="Sphere.cpp">
      <Filter>Source Files\3DEntities</Filter>
    </ClCompile>
    <ClCompile Include="AssetManager.cpp">
      <Filter>Source Files</Filter>
    </ClCompile>
    <ClCompile Include="TexturedCube.cpp">
      <Filter>Source Files\3DEntities</Filter>
    </ClCompile>
    <ClCompile Include="TextureData.cpp">
      <Filter>Source Files</Filter>
    </ClCompile>
    <ClCompile Include="Button2D.cpp">
      <Filter>Source Files\2DEntities</Filter>
    </ClCompile>
    <ClCompile Include="Cursor2D.cpp">
      <Filter>Source Files\2DEntities</Filter>
    </ClCompile>
    <ClCompile Include="Entity2D.cpp">
      <Filter>Source Files\2DEntities</Filter>
    </ClCompile>
    <ClCompile Include="Image2D.cpp">
      <Filter>Source Files\2DEntities</Filter>
    </ClCompile>
    <ClCompile Include="Text2D.cpp">
      <Filter>Source Files\2DEntities</Filter>
    </ClCompile>
    <ClCompile Include="OSNMEntity.cpp">
      <Filter>Source Files</Filter>
    </ClCompile>
    <ClCompile Include="OSNMCube.cpp">
      <Filter>Source Files</Filter>
    </ClCompile>
    <ClCompile Include="Terrain.cpp">
      <Filter>Source Files</Filter>
    </ClCompile>
    <ClCompile Include="Target.cpp">
      <Filter>Source Files</Filter>
    </ClCompile>
  </ItemGroup>
  <ItemGroup>
    <ClInclude Include="PCH.h">
      <Filter>Header Files</Filter>
    </ClInclude>
    <ClInclude Include="Game.h">
      <Filter>Header Files</Filter>
    </ClInclude>
    <ClInclude Include="WindowSettings.h">
      <Filter>Header Files</Filter>
    </ClInclude>
    <ClInclude Include="DirectXSettings.h">
      <Filter>Header Files</Filter>
    </ClInclude>
    <ClInclude Include="ContentManager.h">
      <Filter>Header Files</Filter>
    </ClInclude>
    <ClInclude Include="Entity.h">
      <Filter>Header Files\3DEntities</Filter>
    </ClInclude>
    <ClInclude Include="VertexPosColor.h">
      <Filter>Header Files</Filter>
    </ClInclude>
    <ClInclude Include="ConstantBuffer.h">
      <Filter>Header Files</Filter>
    </ClInclude>
    <ClInclude Include="InputManager.h">
      <Filter>Header Files</Filter>
    </ClInclude>
    <ClInclude Include="Helper.h">
      <Filter>Header Files</Filter>
    </ClInclude>
    <ClInclude Include="Oktaeder.h">
      <Filter>Header Files\3DEntities</Filter>
    </ClInclude>
    <ClInclude Include="Sphere.h">
      <Filter>Header Files\3DEntities</Filter>
    </ClInclude>
    <ClInclude Include="TexturedEntity.h">
      <Filter>Header Files\3DEntities</Filter>
    </ClInclude>
    <ClInclude Include="AssetManager.h">
      <Filter>Header Files</Filter>
    </ClInclude>
    <ClInclude Include="TextureData.h">
      <Filter>Header Files</Filter>
    </ClInclude>
    <ClInclude Include="TexturedCube.h">
      <Filter>Header Files\3DEntities</Filter>
    </ClInclude>
    <ClInclude Include="Button2D.h">
      <Filter>Header Files\2DEntities</Filter>
    </ClInclude>
    <ClInclude Include="Cursor2D.h">
      <Filter>Header Files\2DEntities</Filter>
    </ClInclude>
    <ClInclude Include="Entity2D.h">
      <Filter>Header Files\2DEntities</Filter>
    </ClInclude>
    <ClInclude Include="Image2D.h">
      <Filter>Header Files\2DEntities</Filter>
    </ClInclude>
    <ClInclude Include="Text2D.h">
      <Filter>Header Files\2DEntities</Filter>
    </ClInclude>
    <ClInclude Include="OSNMEntity.h">
      <Filter>Header Files</Filter>
    </ClInclude>
    <ClInclude Include="OSNMCube.h">
      <Filter>Header Files</Filter>
    </ClInclude>
    <ClInclude Include="Terrain.h">
      <Filter>Header Files</Filter>
    </ClInclude>
    <ClInclude Include="Target.h">
      <Filter>Header Files</Filter>
    </ClInclude>
  </ItemGroup>
  <ItemGroup>
    <FxCompile Include="SimpleVertexShader.hlsl">
      <Filter>Resource Files</Filter>
    </FxCompile>
    <FxCompile Include="SimplePixelShader.hlsl">
      <Filter>Resource Files</Filter>
    </FxCompile>
    <FxCompile Include="TexturedPixelShader.hlsl">
      <Filter>Resource Files</Filter>
    </FxCompile>
    <FxCompile Include="TexturedVertexShader.hlsl">
      <Filter>Resource Files</Filter>
    </FxCompile>
    <FxCompile Include="OSNMPixelShader.hlsl">
      <Filter>Resource Files</Filter>
    </FxCompile>
    <FxCompile Include="OSNMVertexShader.hlsl">
      <Filter>Resource Files</Filter>
    </FxCompile>
    <FxCompile Include="TerrainPixelShader.hlsl">
      <Filter>Resource Files</Filter>
    </FxCompile>
    <FxCompile Include="TerrainVertexShader.hlsl">
      <Filter>Resource Files</Filter>
    </FxCompile>
  </ItemGroup>
</Project>